
Microsoft Visual Studio Solution File, Format Version 12.00
# Visual Studio 15
VisualStudioVersion = 15.0.26206.0
MinimumVisualStudioVersion = 10.0.40219.1
Project("{FAE04EC0-301F-11D3-BF4B-00C04F79EFBC}") = "Mandelbrot", "Mandelbrot\Mandelbrot.csproj", "{8AB3FCAE-3D99-4E45-B8CF-349A2CF6CEAE}"
EndProject
Project("{FAE04EC0-301F-11D3-BF4B-00C04F79EFBC}") = "Mandelbrot.Clients.WinForms", "Mandelbrot.WinForms\Mandelbrot.Clients.WinForms.csproj", "{4B8EE8A7-8F82-4637-8E2F-33D34433BD5A}"
EndProject
Project("{FAE04EC0-301F-11D3-BF4B-00C04F79EFBC}") = "Mandelbrot.Clients.Main", "Mandelbrot.Clients.Main\Mandelbrot.Clients.Main.csproj", "{01048660-60E3-46CB-A279-158871B7A1FE}"
EndProject
Project("{2150E333-8FDC-42A3-9474-1A3956D46DE8}") = "UI", "UI", "{C9B4E40D-458D-476F-928E-C09BD674D908}"
EndProject
Project("{2150E333-8FDC-42A3-9474-1A3956D46DE8}") = "Domain", "Domain", "{6B97D193-8F23-4213-B407-C30041DE2B5D}"
EndProject
Project("{FAE04EC0-301F-11D3-BF4B-00C04F79EFBC}") = "Mandelbrot.Domain.Interface", "Mandelbrot.Domain.Interface\Mandelbrot.Domain.Interface.csproj", "{2C90D3C7-BD33-448F-8FA4-2E772AD0D133}"
EndProject
Project("{FAE04EC0-301F-11D3-BF4B-00C04F79EFBC}") = "Mandelbrot.Clients.Console", "Mandelbrot.Clients.Console\Mandelbrot.Clients.Console.csproj", "{AB6EB2A6-FF3B-4E9F-90D8-CF46931B9A50}"
EndProject
Project("{FAE04EC0-301F-11D3-BF4B-00C04F79EFBC}") = "Mandelbrot.Domain.Calculation.Interface", "Mandelbrot.Domain.Calculation.Interface\Mandelbrot.Domain.Calculation.Interface.csproj", "{EB660F3D-E5F5-48C8-855C-2D1C0385EE5A}"
EndProject
Project("{FAE04EC0-301F-11D3-BF4B-00C04F79EFBC}") = "Mandelbrot.Domain.Calculation", "Mandelbrot.Domain.Calculation\Mandelbrot.Domain.Calculation.csproj", "{FCCED658-4590-489E-9508-6C352FEDC1A3}"
EndProject
Project("{FAE04EC0-301F-11D3-BF4B-00C04F79EFBC}") = "Mandelbrot.Domain.Rendering.Interface", "Mandelbrot.Domain.Rendering.Interface\Mandelbrot.Domain.Rendering.Interface.csproj", "{FBDEF0A3-A283-479C-80BF-7AA7B77027A7}"
EndProject
Project("{FAE04EC0-301F-11D3-BF4B-00C04F79EFBC}") = "Mandelbrot.Domain.Jobs", "Mandelbrot.Domain.Jobs\Mandelbrot.Domain.Jobs.csproj", "{71CBB01C-47FC-4CA8-8CE8-FAF2F99A6925}"
EndProject
Project("{FAE04EC0-301F-11D3-BF4B-00C04F79EFBC}") = "Mandelbrot.Domain.Jobs.Interface", "Mandelbrot.Domain.Jobs.Interface\Mandelbrot.Domain.Jobs.Interface.csproj", "{A0631B0C-BD7D-42D2-996B-1360E17756AC}"
EndProject
Project("{FAE04EC0-301F-11D3-BF4B-00C04F79EFBC}") = "Mandelbrot.Domain.Rendering", "Mandelbrot.Domain.Rendering\Mandelbrot.Domain.Rendering.csproj", "{06E41734-61DB-44C1-B13C-A0E559144B21}"
EndProject
Project("{2150E333-8FDC-42A3-9474-1A3956D46DE8}") = "Calculation", "Calculation", "{234D3DD1-3A5E-4AA4-911A-4EA6E217962B}"
EndProject
Project("{2150E333-8FDC-42A3-9474-1A3956D46DE8}") = "Rendering", "Rendering", "{20EA12B7-7785-4476-AEB3-B1262CECAB82}"
EndProject
Project("{2150E333-8FDC-42A3-9474-1A3956D46DE8}") = "Jobs", "Jobs", "{9E5CB032-2343-4119-B227-5E8FB5B4CD44}"
EndProject
Project("{2150E333-8FDC-42A3-9474-1A3956D46DE8}") = "Actions", "Actions", "{ECBBF0A8-DADD-45BF-99CB-DC53713F6F75}"
EndProject
Project("{FAE04EC0-301F-11D3-BF4B-00C04F79EFBC}") = "Mandelbrot.UI.Actions", "Mandelbrot.Domain.Actions\Mandelbrot.UI.Actions.csproj", "{F74B8017-51EF-4ACC-A574-7ABE7B0AE72A}"
EndProject
Project("{FAE04EC0-301F-11D3-BF4B-00C04F79EFBC}") = "Mandelbrot.UI.Actions.Interface", "Mandelbrot.Domain.Actions.Interface\Mandelbrot.UI.Actions.Interface.csproj", "{C7CAB892-CAD0-47E4-9C24-9B683446173E}"
EndProject
Project("{FAE04EC0-301F-11D3-BF4B-00C04F79EFBC}") = "Mandelbrot.UI.Interface", "Mandelbrot.UI.Interface\Mandelbrot.UI.Interface.csproj", "{E791BA8B-BF2B-4590-988B-667B00437C5B}"
EndProject
Project("{2150E333-8FDC-42A3-9474-1A3956D46DE8}") = "Clients", "Clients", "{8B1D52C1-C054-4286-9AC4-352EB29E2F55}"
EndProject
Project("{2150E333-8FDC-42A3-9474-1A3956D46DE8}") = "Facade", "Facade", "{3DB9F0D2-BADD-4CCF-97F0-BFA8EDACD7F7}"
EndProject
Project("{FAE04EC0-301F-11D3-BF4B-00C04F79EFBC}") = "Mandelbrot.Domain.Facade.Interface", "Mandelbrot.Domain.Fascade.Interface\Mandelbrot.Domain.Facade.Interface.csproj", "{2EB5A663-F29D-487A-B27E-0E19B8D32343}"
EndProject
Project("{FAE04EC0-301F-11D3-BF4B-00C04F79EFBC}") = "Mandelbrot.Domain.Facade", "Mandelbrot.Domain.Fascade\Mandelbrot.Domain.Facade.csproj", "{2D3FF6D3-FA11-4EBA-81B9-E4A5C105277C}"
EndProject
Global
	GlobalSection(SolutionConfigurationPlatforms) = preSolution
		Debug|Any CPU = Debug|Any CPU
		Release|Any CPU = Release|Any CPU
	EndGlobalSection
	GlobalSection(ProjectConfigurationPlatforms) = postSolution
		{8AB3FCAE-3D99-4E45-B8CF-349A2CF6CEAE}.Debug|Any CPU.ActiveCfg = Debug|Any CPU
		{8AB3FCAE-3D99-4E45-B8CF-349A2CF6CEAE}.Debug|Any CPU.Build.0 = Debug|Any CPU
		{8AB3FCAE-3D99-4E45-B8CF-349A2CF6CEAE}.Release|Any CPU.ActiveCfg = Release|Any CPU
		{8AB3FCAE-3D99-4E45-B8CF-349A2CF6CEAE}.Release|Any CPU.Build.0 = Release|Any CPU
		{4B8EE8A7-8F82-4637-8E2F-33D34433BD5A}.Debug|Any CPU.ActiveCfg = Debug|Any CPU
		{4B8EE8A7-8F82-4637-8E2F-33D34433BD5A}.Debug|Any CPU.Build.0 = Debug|Any CPU
		{4B8EE8A7-8F82-4637-8E2F-33D34433BD5A}.Release|Any CPU.ActiveCfg = Release|Any CPU
		{4B8EE8A7-8F82-4637-8E2F-33D34433BD5A}.Release|Any CPU.Build.0 = Release|Any CPU
		{01048660-60E3-46CB-A279-158871B7A1FE}.Debug|Any CPU.ActiveCfg = Debug|Any CPU
		{01048660-60E3-46CB-A279-158871B7A1FE}.Debug|Any CPU.Build.0 = Debug|Any CPU
		{01048660-60E3-46CB-A279-158871B7A1FE}.Release|Any CPU.ActiveCfg = Release|Any CPU
		{01048660-60E3-46CB-A279-158871B7A1FE}.Release|Any CPU.Build.0 = Release|Any CPU
		{2C90D3C7-BD33-448F-8FA4-2E772AD0D133}.Debug|Any CPU.ActiveCfg = Debug|Any CPU
		{2C90D3C7-BD33-448F-8FA4-2E772AD0D133}.Debug|Any CPU.Build.0 = Debug|Any CPU
		{2C90D3C7-BD33-448F-8FA4-2E772AD0D133}.Release|Any CPU.ActiveCfg = Release|Any CPU
		{2C90D3C7-BD33-448F-8FA4-2E772AD0D133}.Release|Any CPU.Build.0 = Release|Any CPU
		{AB6EB2A6-FF3B-4E9F-90D8-CF46931B9A50}.Debug|Any CPU.ActiveCfg = Debug|Any CPU
		{AB6EB2A6-FF3B-4E9F-90D8-CF46931B9A50}.Debug|Any CPU.Build.0 = Debug|Any CPU
		{AB6EB2A6-FF3B-4E9F-90D8-CF46931B9A50}.Release|Any CPU.ActiveCfg = Release|Any CPU
		{AB6EB2A6-FF3B-4E9F-90D8-CF46931B9A50}.Release|Any CPU.Build.0 = Release|Any CPU
		{EB660F3D-E5F5-48C8-855C-2D1C0385EE5A}.Debug|Any CPU.ActiveCfg = Debug|Any CPU
		{EB660F3D-E5F5-48C8-855C-2D1C0385EE5A}.Debug|Any CPU.Build.0 = Debug|Any CPU
		{EB660F3D-E5F5-48C8-855C-2D1C0385EE5A}.Release|Any CPU.ActiveCfg = Release|Any CPU
		{EB660F3D-E5F5-48C8-855C-2D1C0385EE5A}.Release|Any CPU.Build.0 = Release|Any CPU
		{FCCED658-4590-489E-9508-6C352FEDC1A3}.Debug|Any CPU.ActiveCfg = Debug|Any CPU
		{FCCED658-4590-489E-9508-6C352FEDC1A3}.Debug|Any CPU.Build.0 = Debug|Any CPU
		{FCCED658-4590-489E-9508-6C352FEDC1A3}.Release|Any CPU.ActiveCfg = Release|Any CPU
		{FCCED658-4590-489E-9508-6C352FEDC1A3}.Release|Any CPU.Build.0 = Release|Any CPU
		{FBDEF0A3-A283-479C-80BF-7AA7B77027A7}.Debug|Any CPU.ActiveCfg = Debug|Any CPU
		{FBDEF0A3-A283-479C-80BF-7AA7B77027A7}.Debug|Any CPU.Build.0 = Debug|Any CPU
		{FBDEF0A3-A283-479C-80BF-7AA7B77027A7}.Release|Any CPU.ActiveCfg = Release|Any CPU
		{FBDEF0A3-A283-479C-80BF-7AA7B77027A7}.Release|Any CPU.Build.0 = Release|Any CPU
		{71CBB01C-47FC-4CA8-8CE8-FAF2F99A6925}.Debug|Any CPU.ActiveCfg = Debug|Any CPU
		{71CBB01C-47FC-4CA8-8CE8-FAF2F99A6925}.Debug|Any CPU.Build.0 = Debug|Any CPU
		{71CBB01C-47FC-4CA8-8CE8-FAF2F99A6925}.Release|Any CPU.ActiveCfg = Release|Any CPU
		{71CBB01C-47FC-4CA8-8CE8-FAF2F99A6925}.Release|Any CPU.Build.0 = Release|Any CPU
		{A0631B0C-BD7D-42D2-996B-1360E17756AC}.Debug|Any CPU.ActiveCfg = Debug|Any CPU
		{A0631B0C-BD7D-42D2-996B-1360E17756AC}.Debug|Any CPU.Build.0 = Debug|Any CPU
		{A0631B0C-BD7D-42D2-996B-1360E17756AC}.Release|Any CPU.ActiveCfg = Release|Any CPU
		{A0631B0C-BD7D-42D2-996B-1360E17756AC}.Release|Any CPU.Build.0 = Release|Any CPU
		{06E41734-61DB-44C1-B13C-A0E559144B21}.Debug|Any CPU.ActiveCfg = Debug|Any CPU
		{06E41734-61DB-44C1-B13C-A0E559144B21}.Debug|Any CPU.Build.0 = Debug|Any CPU
		{06E41734-61DB-44C1-B13C-A0E559144B21}.Release|Any CPU.ActiveCfg = Release|Any CPU
		{06E41734-61DB-44C1-B13C-A0E559144B21}.Release|Any CPU.Build.0 = Release|Any CPU
		{F74B8017-51EF-4ACC-A574-7ABE7B0AE72A}.Debug|Any CPU.ActiveCfg = Debug|Any CPU
		{F74B8017-51EF-4ACC-A574-7ABE7B0AE72A}.Debug|Any CPU.Build.0 = Debug|Any CPU
		{F74B8017-51EF-4ACC-A574-7ABE7B0AE72A}.Release|Any CPU.ActiveCfg = Release|Any CPU
		{F74B8017-51EF-4ACC-A574-7ABE7B0AE72A}.Release|Any CPU.Build.0 = Release|Any CPU
		{C7CAB892-CAD0-47E4-9C24-9B683446173E}.Debug|Any CPU.ActiveCfg = Debug|Any CPU
		{C7CAB892-CAD0-47E4-9C24-9B683446173E}.Debug|Any CPU.Build.0 = Debug|Any CPU
		{C7CAB892-CAD0-47E4-9C24-9B683446173E}.Release|Any CPU.ActiveCfg = Release|Any CPU
		{C7CAB892-CAD0-47E4-9C24-9B683446173E}.Release|Any CPU.Build.0 = Release|Any CPU
		{E791BA8B-BF2B-4590-988B-667B00437C5B}.Debug|Any CPU.ActiveCfg = Debug|Any CPU
		{E791BA8B-BF2B-4590-988B-667B00437C5B}.Debug|Any CPU.Build.0 = Debug|Any CPU
		{E791BA8B-BF2B-4590-988B-667B00437C5B}.Release|Any CPU.ActiveCfg = Release|Any CPU
		{E791BA8B-BF2B-4590-988B-667B00437C5B}.Release|Any CPU.Build.0 = Release|Any CPU
		{2EB5A663-F29D-487A-B27E-0E19B8D32343}.Debug|Any CPU.ActiveCfg = Debug|Any CPU
		{2EB5A663-F29D-487A-B27E-0E19B8D32343}.Debug|Any CPU.Build.0 = Debug|Any CPU
		{2EB5A663-F29D-487A-B27E-0E19B8D32343}.Release|Any CPU.ActiveCfg = Release|Any CPU
		{2EB5A663-F29D-487A-B27E-0E19B8D32343}.Release|Any CPU.Build.0 = Release|Any CPU
		{2D3FF6D3-FA11-4EBA-81B9-E4A5C105277C}.Debug|Any CPU.ActiveCfg = Debug|Any CPU
		{2D3FF6D3-FA11-4EBA-81B9-E4A5C105277C}.Debug|Any CPU.Build.0 = Debug|Any CPU
		{2D3FF6D3-FA11-4EBA-81B9-E4A5C105277C}.Release|Any CPU.ActiveCfg = Release|Any CPU
		{2D3FF6D3-FA11-4EBA-81B9-E4A5C105277C}.Release|Any CPU.Build.0 = Release|Any CPU
	EndGlobalSection
	GlobalSection(SolutionProperties) = preSolution
		HideSolutionNode = FALSE
	EndGlobalSection
	GlobalSection(NestedProjects) = preSolution
		{8AB3FCAE-3D99-4E45-B8CF-349A2CF6CEAE} = {8B1D52C1-C054-4286-9AC4-352EB29E2F55}
		{4B8EE8A7-8F82-4637-8E2F-33D34433BD5A} = {8B1D52C1-C054-4286-9AC4-352EB29E2F55}
		{01048660-60E3-46CB-A279-158871B7A1FE} = {8B1D52C1-C054-4286-9AC4-352EB29E2F55}
		{2C90D3C7-BD33-448F-8FA4-2E772AD0D133} = {6B97D193-8F23-4213-B407-C30041DE2B5D}
		{AB6EB2A6-FF3B-4E9F-90D8-CF46931B9A50} = {8B1D52C1-C054-4286-9AC4-352EB29E2F55}
		{EB660F3D-E5F5-48C8-855C-2D1C0385EE5A} = {234D3DD1-3A5E-4AA4-911A-4EA6E217962B}
		{FCCED658-4590-489E-9508-6C352FEDC1A3} = {234D3DD1-3A5E-4AA4-911A-4EA6E217962B}
		{FBDEF0A3-A283-479C-80BF-7AA7B77027A7} = {20EA12B7-7785-4476-AEB3-B1262CECAB82}
		{71CBB01C-47FC-4CA8-8CE8-FAF2F99A6925} = {9E5CB032-2343-4119-B227-5E8FB5B4CD44}
		{A0631B0C-BD7D-42D2-996B-1360E17756AC} = {9E5CB032-2343-4119-B227-5E8FB5B4CD44}
		{06E41734-61DB-44C1-B13C-A0E559144B21} = {20EA12B7-7785-4476-AEB3-B1262CECAB82}
		{234D3DD1-3A5E-4AA4-911A-4EA6E217962B} = {6B97D193-8F23-4213-B407-C30041DE2B5D}
		{20EA12B7-7785-4476-AEB3-B1262CECAB82} = {6B97D193-8F23-4213-B407-C30041DE2B5D}
		{9E5CB032-2343-4119-B227-5E8FB5B4CD44} = {6B97D193-8F23-4213-B407-C30041DE2B5D}
		{ECBBF0A8-DADD-45BF-99CB-DC53713F6F75} = {C9B4E40D-458D-476F-928E-C09BD674D908}
		{F74B8017-51EF-4ACC-A574-7ABE7B0AE72A} = {ECBBF0A8-DADD-45BF-99CB-DC53713F6F75}
		{C7CAB892-CAD0-47E4-9C24-9B683446173E} = {ECBBF0A8-DADD-45BF-99CB-DC53713F6F75}
		{E791BA8B-BF2B-4590-988B-667B00437C5B} = {C9B4E40D-458D-476F-928E-C09BD674D908}
		{8B1D52C1-C054-4286-9AC4-352EB29E2F55} = {C9B4E40D-458D-476F-928E-C09BD674D908}
		{3DB9F0D2-BADD-4CCF-97F0-BFA8EDACD7F7} = {6B97D193-8F23-4213-B407-C30041DE2B5D}
		{2EB5A663-F29D-487A-B27E-0E19B8D32343} = {3DB9F0D2-BADD-4CCF-97F0-BFA8EDACD7F7}
		{2D3FF6D3-FA11-4EBA-81B9-E4A5C105277C} = {3DB9F0D2-BADD-4CCF-97F0-BFA8EDACD7F7}
	EndGlobalSection
EndGlobal
